
Microsoft Visual Studio Solution File, Format Version 12.00
# Visual Studio Version 17
VisualStudioVersion = 17.7.34031.279
MinimumVisualStudioVersion = 10.0.40219.1
Project("{FAE04EC0-301F-11D3-BF4B-00C04F79EFBC}") = "Examen_S_Recursos_Humanos", "Examen_S_Recursos_Humanos\Examen_S_Recursos_Humanos.csproj", "{4280B199-ABB2-4D78-B35B-AC82C28661EF}"
EndProject
Global
	GlobalSection(SolutionConfigurationPlatforms) = preSolution
		Debug|Any CPU = Debug|Any CPU
		Release|Any CPU = Release|Any CPU
	EndGlobalSection
	GlobalSection(ProjectConfigurationPlatforms) = postSolution
		{4280B199-ABB2-4D78-B35B-AC82C28661EF}.Debug|Any CPU.ActiveCfg = Debug|Any CPU
		{4280B199-ABB2-4D78-B35B-AC82C28661EF}.Debug|Any CPU.Build.0 = Debug|Any CPU
		{4280B199-ABB2-4D78-B35B-AC82C28661EF}.Release|Any CPU.ActiveCfg = Release|Any CPU
		{4280B199-ABB2-4D78-B35B-AC82C28661EF}.Release|Any CPU.Build.0 = Release|Any CPU
	EndGlobalSection
	GlobalSection(SolutionProperties) = preSolution
		HideSolutionNode = FALSE
	EndGlobalSection
	GlobalSection(ExtensibilityGlobals) = postSolution
		SolutionGuid = {7968E79A-AAD6-40A9-A4EC-EAABC590F872}
	EndGlobalSection
EndGlobal
